
Microsoft Visual Studio Solution File, Format Version 12.00
# Visual Studio Version 17
VisualStudioVersion = 17.8.34408.163
MinimumVisualStudioVersion = 10.0.40219.1
Project("{FAE04EC0-301F-11D3-BF4B-00C04F79EFBC}") = "RestaurantAPI", "RestaurantAPI.csproj", "{20DE35A2-BDD2-4FD8-A91F-C744A3EEC1DD}"
EndProject
Global
	GlobalSection(SolutionConfigurationPlatforms) = preSolution
		Debug|Any CPU = Debug|Any CPU
		Release|Any CPU = Release|Any CPU
	EndGlobalSection
	GlobalSection(ProjectConfigurationPlatforms) = postSolution
		{20DE35A2-BDD2-4FD8-A91F-C744A3EEC1DD}.Debug|Any CPU.ActiveCfg = Debug|Any CPU
		{20DE35A2-BDD2-4FD8-A91F-C744A3EEC1DD}.Debug|Any CPU.Build.0 = Debug|Any CPU
		{20DE35A2-BDD2-4FD8-A91F-C744A3EEC1DD}.Release|Any CPU.ActiveCfg = Release|Any CPU
		{20DE35A2-BDD2-4FD8-A91F-C744A3EEC1DD}.Release|Any CPU.Build.0 = Release|Any CPU
	EndGlobalSection
	GlobalSection(SolutionProperties) = preSolution
		HideSolutionNode = FALSE
	EndGlobalSection
	GlobalSection(ExtensibilityGlobals) = postSolution
		SolutionGuid = {24D73DC2-A2CA-46E6-9911-1E128F13DCFF}
	EndGlobalSection
EndGlobal
